
Microsoft Visual Studio Solution File, Format Version 12.00
# Visual Studio Version 16
VisualStudioVersion = 16.0.31729.503
MinimumVisualStudioVersion = 10.0.40219.1
Project("{FAE04EC0-301F-11D3-BF4B-00C04F79EFBC}") = "ThrustMod", "ThrustMod.csproj", "{3D6D321A-C39D-46FB-89C6-38D0582607E9}"
EndProject
Global
	GlobalSection(SolutionConfigurationPlatforms) = preSolution
		Debug|Any CPU = Debug|Any CPU
		Release|Any CPU = Release|Any CPU
	EndGlobalSection
	GlobalSection(ProjectConfigurationPlatforms) = postSolution
		{3D6D321A-C39D-46FB-89C6-38D0582607E9}.Debug|Any CPU.ActiveCfg = Debug|Any CPU
		{3D6D321A-C39D-46FB-89C6-38D0582607E9}.Debug|Any CPU.Build.0 = Debug|Any CPU
		{3D6D321A-C39D-46FB-89C6-38D0582607E9}.Release|Any CPU.ActiveCfg = Release|Any CPU
		{3D6D321A-C39D-46FB-89C6-38D0582607E9}.Release|Any CPU.Build.0 = Release|Any CPU
	EndGlobalSection
	GlobalSection(SolutionProperties) = preSolution
		HideSolutionNode = FALSE
	EndGlobalSection
	GlobalSection(ExtensibilityGlobals) = postSolution
		SolutionGuid = {2D7030BF-6F7C-4F87-BB47-00C0958158E2}
	EndGlobalSection
EndGlobal
